
Microsoft Visual Studio Solution File, Format Version 12.00
# Visual Studio 15
VisualStudioVersion = 15.0.26124.0
MinimumVisualStudioVersion = 15.0.26124.0
Project("{2150E333-8FDC-42A3-9474-1A3956D46DE8}") = "src", "src", "{17AA5B4A-DCE2-4C95-A947-3488261D5101}"
EndProject
Project("{FAE04EC0-301F-11D3-BF4B-00C04F79EFBC}") = "Web", "src\Web\Web.csproj", "{59E16106-B4D6-4AFE-A21F-27051BAD9FAF}"
EndProject
Project("{2150E333-8FDC-42A3-9474-1A3956D46DE8}") = "tests", "tests", "{BABD580B-64A7-466C-9AD8-D42A8555D87A}"
EndProject
Project("{FAE04EC0-301F-11D3-BF4B-00C04F79EFBC}") = "FunctionalTests", "tests\FunctionalTests\FunctionalTests.csproj", "{69CD03DA-121C-45F3-A8E6-5572041937D0}"
EndProject
Project("{FAE04EC0-301F-11D3-BF4B-00C04F79EFBC}") = "IntegrationTests", "tests\IntegrationTests\IntegrationTests.csproj", "{BE1CD3CA-A2B2-4F7B-AE07-E5478E0749B6}"
EndProject
Project("{FAE04EC0-301F-11D3-BF4B-00C04F79EFBC}") = "UnitTests", "tests\UnitTests\UnitTests.csproj", "{789192ED-B2E5-414A-B92F-1B423D59F82C}"
EndProject
Global
	GlobalSection(SolutionConfigurationPlatforms) = preSolution
		Debug|Any CPU = Debug|Any CPU
		Debug|x64 = Debug|x64
		Debug|x86 = Debug|x86
		Release|Any CPU = Release|Any CPU
		Release|x64 = Release|x64
		Release|x86 = Release|x86
	EndGlobalSection
	GlobalSection(SolutionProperties) = preSolution
		HideSolutionNode = FALSE
	EndGlobalSection
	GlobalSection(ProjectConfigurationPlatforms) = postSolution
		{59E16106-B4D6-4AFE-A21F-27051BAD9FAF}.Debug|Any CPU.ActiveCfg = Debug|Any CPU
		{59E16106-B4D6-4AFE-A21F-27051BAD9FAF}.Debug|Any CPU.Build.0 = Debug|Any CPU
		{59E16106-B4D6-4AFE-A21F-27051BAD9FAF}.Debug|x64.ActiveCfg = Debug|Any CPU
		{59E16106-B4D6-4AFE-A21F-27051BAD9FAF}.Debug|x64.Build.0 = Debug|Any CPU
		{59E16106-B4D6-4AFE-A21F-27051BAD9FAF}.Debug|x86.ActiveCfg = Debug|Any CPU
		{59E16106-B4D6-4AFE-A21F-27051BAD9FAF}.Debug|x86.Build.0 = Debug|Any CPU
		{59E16106-B4D6-4AFE-A21F-27051BAD9FAF}.Release|Any CPU.ActiveCfg = Release|Any CPU
		{59E16106-B4D6-4AFE-A21F-27051BAD9FAF}.Release|Any CPU.Build.0 = Release|Any CPU
		{59E16106-B4D6-4AFE-A21F-27051BAD9FAF}.Release|x64.ActiveCfg = Release|Any CPU
		{59E16106-B4D6-4AFE-A21F-27051BAD9FAF}.Release|x64.Build.0 = Release|Any CPU
		{59E16106-B4D6-4AFE-A21F-27051BAD9FAF}.Release|x86.ActiveCfg = Release|Any CPU
		{59E16106-B4D6-4AFE-A21F-27051BAD9FAF}.Release|x86.Build.0 = Release|Any CPU
		{69CD03DA-121C-45F3-A8E6-5572041937D0}.Debug|Any CPU.ActiveCfg = Debug|Any CPU
		{69CD03DA-121C-45F3-A8E6-5572041937D0}.Debug|Any CPU.Build.0 = Debug|Any CPU
		{69CD03DA-121C-45F3-A8E6-5572041937D0}.Debug|x64.ActiveCfg = Debug|Any CPU
		{69CD03DA-121C-45F3-A8E6-5572041937D0}.Debug|x64.Build.0 = Debug|Any CPU
		{69CD03DA-121C-45F3-A8E6-5572041937D0}.Debug|x86.ActiveCfg = Debug|Any CPU
		{69CD03DA-121C-45F3-A8E6-5572041937D0}.Debug|x86.Build.0 = Debug|Any CPU
		{69CD03DA-121C-45F3-A8E6-5572041937D0}.Release|Any CPU.ActiveCfg = Release|Any CPU
		{69CD03DA-121C-45F3-A8E6-5572041937D0}.Release|Any CPU.Build.0 = Release|Any CPU
		{69CD03DA-121C-45F3-A8E6-5572041937D0}.Release|x64.ActiveCfg = Release|Any CPU
		{69CD03DA-121C-45F3-A8E6-5572041937D0}.Release|x64.Build.0 = Release|Any CPU
		{69CD03DA-121C-45F3-A8E6-5572041937D0}.Release|x86.ActiveCfg = Release|Any CPU
		{69CD03DA-121C-45F3-A8E6-5572041937D0}.Release|x86.Build.0 = Release|Any CPU
		{BE1CD3CA-A2B2-4F7B-AE07-E5478E0749B6}.Debug|Any CPU.ActiveCfg = Debug|Any CPU
		{BE1CD3CA-A2B2-4F7B-AE07-E5478E0749B6}.Debug|Any CPU.Build.0 = Debug|Any CPU
		{BE1CD3CA-A2B2-4F7B-AE07-E5478E0749B6}.Debug|x64.ActiveCfg = Debug|Any CPU
		{BE1CD3CA-A2B2-4F7B-AE07-E5478E0749B6}.Debug|x64.Build.0 = Debug|Any CPU
		{BE1CD3CA-A2B2-4F7B-AE07-E5478E0749B6}.Debug|x86.ActiveCfg = Debug|Any CPU
		{BE1CD3CA-A2B2-4F7B-AE07-E5478E0749B6}.Debug|x86.Build.0 = Debug|Any CPU
		{BE1CD3CA-A2B2-4F7B-AE07-E5478E0749B6}.Release|Any CPU.ActiveCfg = Release|Any CPU
		{BE1CD3CA-A2B2-4F7B-AE07-E5478E0749B6}.Release|Any CPU.Build.0 = Release|Any CPU
		{BE1CD3CA-A2B2-4F7B-AE07-E5478E0749B6}.Release|x64.ActiveCfg = Release|Any CPU
		{BE1CD3CA-A2B2-4F7B-AE07-E5478E0749B6}.Release|x64.Build.0 = Release|Any CPU
		{BE1CD3CA-A2B2-4F7B-AE07-E5478E0749B6}.Release|x86.ActiveCfg = Release|Any CPU
		{BE1CD3CA-A2B2-4F7B-AE07-E5478E0749B6}.Release|x86.Build.0 = Release|Any CPU
		{789192ED-B2E5-414A-B92F-1B423D59F82C}.Debug|Any CPU.ActiveCfg = Debug|Any CPU
		{789192ED-B2E5-414A-B92F-1B423D59F82C}.Debug|Any CPU.Build.0 = Debug|Any CPU
		{789192ED-B2E5-414A-B92F-1B423D59F82C}.Debug|x64.ActiveCfg = Debug|Any CPU
		{789192ED-B2E5-414A-B92F-1B423D59F82C}.Debug|x64.Build.0 = Debug|Any CPU
		{789192ED-B2E5-414A-B92F-1B423D59F82C}.Debug|x86.ActiveCfg = Debug|Any CPU
		{789192ED-B2E5-414A-B92F-1B423D59F82C}.Debug|x86.Build.0 = Debug|Any CPU
		{789192ED-B2E5-414A-B92F-1B423D59F82C}.Release|Any CPU.ActiveCfg = Release|Any CPU
		{789192ED-B2E5-414A-B92F-1B423D59F82C}.Release|Any CPU.Build.0 = Release|Any CPU
		{789192ED-B2E5-414A-B92F-1B423D59F82C}.Release|x64.ActiveCfg = Release|Any CPU
		{789192ED-B2E5-414A-B92F-1B423D59F82C}.Release|x64.Build.0 = Release|Any CPU
		{789192ED-B2E5-414A-B92F-1B423D59F82C}.Release|x86.ActiveCfg = Release|Any CPU
		{789192ED-B2E5-414A-B92F-1B423D59F82C}.Release|x86.Build.0 = Release|Any CPU
	EndGlobalSection
	GlobalSection(NestedProjects) = preSolution
		{59E16106-B4D6-4AFE-A21F-27051BAD9FAF} = {17AA5B4A-DCE2-4C95-A947-3488261D5101}
		{69CD03DA-121C-45F3-A8E6-5572041937D0} = {BABD580B-64A7-466C-9AD8-D42A8555D87A}
		{BE1CD3CA-A2B2-4F7B-AE07-E5478E0749B6} = {BABD580B-64A7-466C-9AD8-D42A8555D87A}
		{789192ED-B2E5-414A-B92F-1B423D59F82C} = {BABD580B-64A7-466C-9AD8-D42A8555D87A}
	EndGlobalSection
EndGlobal
